# This file is generated and can be automatically updated with:
# ./bin/freeze
#
# Example for source checkout:
# -e git://github.com/foo/bar.git#egg=bar
# then reinstall and run ./bin/freeze
certifi==2018.1.18
chardet==3.0.4
CouchDB==1.2
decorator==4.3.0
idna==2.6
ipython-genutils==0.2.0
jsonschema==2.6.0
jupyter-core==4.4.0
nbformat==4.4.0
nltk==3.2.5
numpy==1.14.3
oauthlib==2.0.7
pandas==0.22.0
path.py==11.0.1
patsy==0.5.0
plotly==2.5.1
python-dateutil==2.7.2
pytz==2018.4
requests==2.18.4
requests-oauthlib==0.8.0
scipy==1.1.0
six==1.11.0
statsmodels==0.8.0
tqdm==4.22.0
traitlets==4.3.2
-e git://github.com/jone/TwitterSearch.git@3e7d45cbd20b16be4ce204d22392cfbd5383dbdd#egg=TwitterSearch
twython==3.6.0
urllib3==1.22
